
Microsoft Visual Studio Solution File, Format Version 12.00
# Visual Studio 14
VisualStudioVersion = 14.0.25420.1
MinimumVisualStudioVersion = 10.0.40219.1
Project("{FAE04EC0-301F-11D3-BF4B-00C04F79EFBC}") = "NiceTry.LojaVirtual.Dominio", "NiceTry.LojaVirtual.Dominio\NiceTry.LojaVirtual.Dominio.csproj", "{3011F05F-F661-4ADB-BF0C-621D8D5F971E}"
EndProject
Project("{FAE04EC0-301F-11D3-BF4B-00C04F79EFBC}") = "NiceTry.LojaVirtual.Web", "NiceTry.LojaVirtual.Web\NiceTry.LojaVirtual.Web.csproj", "{4EEA2BFE-CD8E-45F3-AE22-46D42BEFECF8}"
EndProject
Project("{FAE04EC0-301F-11D3-BF4B-00C04F79EFBC}") = "NiceTry.LojaVirtual.UnitTest", "NiceTry.LojaVirtual.UnitTest\NiceTry.LojaVirtual.UnitTest.csproj", "{F81C3095-AB66-4317-AD25-DF2E5EE17730}"
EndProject
Global
	GlobalSection(SolutionConfigurationPlatforms) = preSolution
		Debug|Any CPU = Debug|Any CPU
		Release|Any CPU = Release|Any CPU
	EndGlobalSection
	GlobalSection(ProjectConfigurationPlatforms) = postSolution
		{3011F05F-F661-4ADB-BF0C-621D8D5F971E}.Debug|Any CPU.ActiveCfg = Debug|Any CPU
		{3011F05F-F661-4ADB-BF0C-621D8D5F971E}.Debug|Any CPU.Build.0 = Debug|Any CPU
		{3011F05F-F661-4ADB-BF0C-621D8D5F971E}.Release|Any CPU.ActiveCfg = Release|Any CPU
		{3011F05F-F661-4ADB-BF0C-621D8D5F971E}.Release|Any CPU.Build.0 = Release|Any CPU
		{4EEA2BFE-CD8E-45F3-AE22-46D42BEFECF8}.Debug|Any CPU.ActiveCfg = Debug|Any CPU
		{4EEA2BFE-CD8E-45F3-AE22-46D42BEFECF8}.Debug|Any CPU.Build.0 = Debug|Any CPU
		{4EEA2BFE-CD8E-45F3-AE22-46D42BEFECF8}.Release|Any CPU.ActiveCfg = Release|Any CPU
		{4EEA2BFE-CD8E-45F3-AE22-46D42BEFECF8}.Release|Any CPU.Build.0 = Release|Any CPU
		{F81C3095-AB66-4317-AD25-DF2E5EE17730}.Debug|Any CPU.ActiveCfg = Debug|Any CPU
		{F81C3095-AB66-4317-AD25-DF2E5EE17730}.Debug|Any CPU.Build.0 = Debug|Any CPU
		{F81C3095-AB66-4317-AD25-DF2E5EE17730}.Release|Any CPU.ActiveCfg = Release|Any CPU
		{F81C3095-AB66-4317-AD25-DF2E5EE17730}.Release|Any CPU.Build.0 = Release|Any CPU
	EndGlobalSection
	GlobalSection(SolutionProperties) = preSolution
		HideSolutionNode = FALSE
	EndGlobalSection
EndGlobal
